
Microsoft Visual Studio Solution File, Format Version 12.00
# Visual Studio 15
Project("{FAE04EC0-301F-11D3-BF4B-00C04F79EFBC}") = "UnityEngine.UI", "UnityEngine.UI.csproj", "{312E3CDC-AD5B-3408-24AC-846E44264394}"
EndProject
Project("{FAE04EC0-301F-11D3-BF4B-00C04F79EFBC}") = "UnityEngine.TestRunner", "UnityEngine.TestRunner.csproj", "{A4814DDA-889D-A30D-110B-081A3396795F}"
EndProject
Project("{FAE04EC0-301F-11D3-BF4B-00C04F79EFBC}") = "Unity.Timeline", "Unity.Timeline.csproj", "{9452B8DF-A423-1A23-6D45-142693782120}"
EndProject
Project("{FAE04EC0-301F-11D3-BF4B-00C04F79EFBC}") = "IngameDebugConsole.Runtime", "IngameDebugConsole.Runtime.csproj", "{AEDB1066-D933-BDD8-E7C9-93C3454565E9}"
EndProject
Project("{FAE04EC0-301F-11D3-BF4B-00C04F79EFBC}") = "Unity.TextMeshPro", "Unity.TextMeshPro.csproj", "{3B7327B8-B50B-A867-F0BF-AD41DF98FD36}"
EndProject
Project("{FAE04EC0-301F-11D3-BF4B-00C04F79EFBC}") = "Unity.Addressables", "Unity.Addressables.csproj", "{C6115D71-E754-BEFF-0AFD-FD4296395AA2}"
EndProject
Project("{FAE04EC0-301F-11D3-BF4B-00C04F79EFBC}") = "Unity.ResourceManager", "Unity.ResourceManager.csproj", "{ED941D42-3624-14B6-5ACD-C273083A6051}"
EndProject
Project("{FAE04EC0-301F-11D3-BF4B-00C04F79EFBC}") = "Unity.ScriptableBuildPipeline", "Unity.ScriptableBuildPipeline.csproj", "{CFDE0672-F1CB-410A-2916-19D2ACF814F4}"
EndProject
Project("{FAE04EC0-301F-11D3-BF4B-00C04F79EFBC}") = "zFramework.Hotfix.Examples", "zFramework.Hotfix.Examples.csproj", "{B44451E2-65C9-64CE-0711-DA7569EBFDBD}"
EndProject
Project("{FAE04EC0-301F-11D3-BF4B-00C04F79EFBC}") = "Assembly-CSharp", "Assembly-CSharp.csproj", "{85EA5EA9-F287-3F49-8D3C-7302D05E68F7}"
EndProject
Project("{FAE04EC0-301F-11D3-BF4B-00C04F79EFBC}") = "zFramework.Hotfix.Demo", "zFramework.Hotfix.Demo.csproj", "{172020DE-4075-19B4-0384-B59F26904365}"
EndProject
Project("{FAE04EC0-301F-11D3-BF4B-00C04F79EFBC}") = "Unity.ScriptableBuildPipeline.Editor", "Unity.ScriptableBuildPipeline.Editor.csproj", "{AA3334FC-897D-0B17-32EC-EACE62CA1011}"
EndProject
Project("{FAE04EC0-301F-11D3-BF4B-00C04F79EFBC}") = "UnityEditor.TestRunner", "UnityEditor.TestRunner.csproj", "{CA62E2D1-9554-0B07-0B6D-2EDAEEB3B114}"
EndProject
Project("{FAE04EC0-301F-11D3-BF4B-00C04F79EFBC}") = "Unity.PlasticSCM.Editor", "Unity.PlasticSCM.Editor.csproj", "{4070FFFE-E078-7FF9-533E-8D8E04F341D4}"
EndProject
Project("{FAE04EC0-301F-11D3-BF4B-00C04F79EFBC}") = "Unity.Addressables.Editor", "Unity.Addressables.Editor.csproj", "{6E869E9F-475A-BB91-945D-59ABF1C465DE}"
EndProject
Project("{FAE04EC0-301F-11D3-BF4B-00C04F79EFBC}") = "UnityEditor.UI", "UnityEditor.UI.csproj", "{96DF82ED-089B-CAA1-ACFE-99C3307CCC73}"
EndProject
Project("{FAE04EC0-301F-11D3-BF4B-00C04F79EFBC}") = "Unity.Timeline.Editor", "Unity.Timeline.Editor.csproj", "{3D9F9B56-5C71-8765-AE66-2C49281E6264}"
EndProject
Project("{FAE04EC0-301F-11D3-BF4B-00C04F79EFBC}") = "Unity.VisualStudio.Editor", "Unity.VisualStudio.Editor.csproj", "{18A64E1E-3590-7637-A5F3-3891CA1CE60F}"
EndProject
Project("{FAE04EC0-301F-11D3-BF4B-00C04F79EFBC}") = "Unity.TextMeshPro.Editor", "Unity.TextMeshPro.Editor.csproj", "{BC7401DD-EE5E-4305-DD8B-0A87C4C60D51}"
EndProject
Project("{FAE04EC0-301F-11D3-BF4B-00C04F79EFBC}") = "Unity.CollabProxy.Editor", "Unity.CollabProxy.Editor.csproj", "{E8E8F85D-3E69-4118-C8AB-0EC6C3D7F84B}"
EndProject
Project("{FAE04EC0-301F-11D3-BF4B-00C04F79EFBC}") = "Unity.Rider.Editor", "Unity.Rider.Editor.csproj", "{A8808B9D-9043-2433-C8BD-0FBA79FDCF70}"
EndProject
Project("{FAE04EC0-301F-11D3-BF4B-00C04F79EFBC}") = "Unity.VSCode.Editor", "Unity.VSCode.Editor.csproj", "{FF8AA0C6-97E8-4A3F-AF04-F5F1C68997C5}"
EndProject
Project("{FAE04EC0-301F-11D3-BF4B-00C04F79EFBC}") = "zFramework.Hotfix.Toolkit", "zFramework.Hotfix.Toolkit.csproj", "{F75B1913-88CA-62C6-83E5-039FDB3FDC43}"
EndProject
Project("{FAE04EC0-301F-11D3-BF4B-00C04F79EFBC}") = "UnityEditor.CacheServer", "UnityEditor.CacheServer.csproj", "{6D1ADCBF-086B-D724-D400-3E79CB74E86D}"
EndProject
Project("{FAE04EC0-301F-11D3-BF4B-00C04F79EFBC}") = "IngameDebugConsole.Editor", "IngameDebugConsole.Editor.csproj", "{0BEF4438-D80C-6149-2671-C3BCA4BE4313}"
EndProject
Global
	GlobalSection(SolutionConfigurationPlatforms) = preSolution
		Debug|Any CPU = Debug|Any CPU
		Release|Any CPU = Release|Any CPU
	EndGlobalSection
	GlobalSection(ProjectConfigurationPlatforms) = postSolution
		{312E3CDC-AD5B-3408-24AC-846E44264394}.Debug|Any CPU.ActiveCfg = Debug|Any CPU
		{312E3CDC-AD5B-3408-24AC-846E44264394}.Debug|Any CPU.Build.0 = Debug|Any CPU
		{312E3CDC-AD5B-3408-24AC-846E44264394}.Release|Any CPU.ActiveCfg = Release|Any CPU
		{312E3CDC-AD5B-3408-24AC-846E44264394}.Release|Any CPU.Build.0 = Release|Any CPU
		{A4814DDA-889D-A30D-110B-081A3396795F}.Debug|Any CPU.ActiveCfg = Debug|Any CPU
		{A4814DDA-889D-A30D-110B-081A3396795F}.Debug|Any CPU.Build.0 = Debug|Any CPU
		{A4814DDA-889D-A30D-110B-081A3396795F}.Release|Any CPU.ActiveCfg = Release|Any CPU
		{A4814DDA-889D-A30D-110B-081A3396795F}.Release|Any CPU.Build.0 = Release|Any CPU
		{9452B8DF-A423-1A23-6D45-142693782120}.Debug|Any CPU.ActiveCfg = Debug|Any CPU
		{9452B8DF-A423-1A23-6D45-142693782120}.Debug|Any CPU.Build.0 = Debug|Any CPU
		{9452B8DF-A423-1A23-6D45-142693782120}.Release|Any CPU.ActiveCfg = Release|Any CPU
		{9452B8DF-A423-1A23-6D45-142693782120}.Release|Any CPU.Build.0 = Release|Any CPU
		{AEDB1066-D933-BDD8-E7C9-93C3454565E9}.Debug|Any CPU.ActiveCfg = Debug|Any CPU
		{AEDB1066-D933-BDD8-E7C9-93C3454565E9}.Debug|Any CPU.Build.0 = Debug|Any CPU
		{AEDB1066-D933-BDD8-E7C9-93C3454565E9}.Release|Any CPU.ActiveCfg = Release|Any CPU
		{AEDB1066-D933-BDD8-E7C9-93C3454565E9}.Release|Any CPU.Build.0 = Release|Any CPU
		{3B7327B8-B50B-A867-F0BF-AD41DF98FD36}.Debug|Any CPU.ActiveCfg = Debug|Any CPU
		{3B7327B8-B50B-A867-F0BF-AD41DF98FD36}.Debug|Any CPU.Build.0 = Debug|Any CPU
		{3B7327B8-B50B-A867-F0BF-AD41DF98FD36}.Release|Any CPU.ActiveCfg = Release|Any CPU
		{3B7327B8-B50B-A867-F0BF-AD41DF98FD36}.Release|Any CPU.Build.0 = Release|Any CPU
		{C6115D71-E754-BEFF-0AFD-FD4296395AA2}.Debug|Any CPU.ActiveCfg = Debug|Any CPU
		{C6115D71-E754-BEFF-0AFD-FD4296395AA2}.Debug|Any CPU.Build.0 = Debug|Any CPU
		{C6115D71-E754-BEFF-0AFD-FD4296395AA2}.Release|Any CPU.ActiveCfg = Release|Any CPU
		{C6115D71-E754-BEFF-0AFD-FD4296395AA2}.Release|Any CPU.Build.0 = Release|Any CPU
		{ED941D42-3624-14B6-5ACD-C273083A6051}.Debug|Any CPU.ActiveCfg = Debug|Any CPU
		{ED941D42-3624-14B6-5ACD-C273083A6051}.Debug|Any CPU.Build.0 = Debug|Any CPU
		{ED941D42-3624-14B6-5ACD-C273083A6051}.Release|Any CPU.ActiveCfg = Release|Any CPU
		{ED941D42-3624-14B6-5ACD-C273083A6051}.Release|Any CPU.Build.0 = Release|Any CPU
		{CFDE0672-F1CB-410A-2916-19D2ACF814F4}.Debug|Any CPU.ActiveCfg = Debug|Any CPU
		{CFDE0672-F1CB-410A-2916-19D2ACF814F4}.Debug|Any CPU.Build.0 = Debug|Any CPU
		{CFDE0672-F1CB-410A-2916-19D2ACF814F4}.Release|Any CPU.ActiveCfg = Release|Any CPU
		{CFDE0672-F1CB-410A-2916-19D2ACF814F4}.Release|Any CPU.Build.0 = Release|Any CPU
		{B44451E2-65C9-64CE-0711-DA7569EBFDBD}.Debug|Any CPU.ActiveCfg = Debug|Any CPU
		{B44451E2-65C9-64CE-0711-DA7569EBFDBD}.Debug|Any CPU.Build.0 = Debug|Any CPU
		{B44451E2-65C9-64CE-0711-DA7569EBFDBD}.Release|Any CPU.ActiveCfg = Release|Any CPU
		{B44451E2-65C9-64CE-0711-DA7569EBFDBD}.Release|Any CPU.Build.0 = Release|Any CPU
		{85EA5EA9-F287-3F49-8D3C-7302D05E68F7}.Debug|Any CPU.ActiveCfg = Debug|Any CPU
		{85EA5EA9-F287-3F49-8D3C-7302D05E68F7}.Debug|Any CPU.Build.0 = Debug|Any CPU
		{85EA5EA9-F287-3F49-8D3C-7302D05E68F7}.Release|Any CPU.ActiveCfg = Release|Any CPU
		{85EA5EA9-F287-3F49-8D3C-7302D05E68F7}.Release|Any CPU.Build.0 = Release|Any CPU
		{172020DE-4075-19B4-0384-B59F26904365}.Debug|Any CPU.ActiveCfg = Debug|Any CPU
		{172020DE-4075-19B4-0384-B59F26904365}.Debug|Any CPU.Build.0 = Debug|Any CPU
		{172020DE-4075-19B4-0384-B59F26904365}.Release|Any CPU.ActiveCfg = Release|Any CPU
		{172020DE-4075-19B4-0384-B59F26904365}.Release|Any CPU.Build.0 = Release|Any CPU
		{AA3334FC-897D-0B17-32EC-EACE62CA1011}.Debug|Any CPU.ActiveCfg = Debug|Any CPU
		{AA3334FC-897D-0B17-32EC-EACE62CA1011}.Debug|Any CPU.Build.0 = Debug|Any CPU
		{AA3334FC-897D-0B17-32EC-EACE62CA1011}.Release|Any CPU.ActiveCfg = Release|Any CPU
		{AA3334FC-897D-0B17-32EC-EACE62CA1011}.Release|Any CPU.Build.0 = Release|Any CPU
		{CA62E2D1-9554-0B07-0B6D-2EDAEEB3B114}.Debug|Any CPU.ActiveCfg = Debug|Any CPU
		{CA62E2D1-9554-0B07-0B6D-2EDAEEB3B114}.Debug|Any CPU.Build.0 = Debug|Any CPU
		{CA62E2D1-9554-0B07-0B6D-2EDAEEB3B114}.Release|Any CPU.ActiveCfg = Release|Any CPU
		{CA62E2D1-9554-0B07-0B6D-2EDAEEB3B114}.Release|Any CPU.Build.0 = Release|Any CPU
		{4070FFFE-E078-7FF9-533E-8D8E04F341D4}.Debug|Any CPU.ActiveCfg = Debug|Any CPU
		{4070FFFE-E078-7FF9-533E-8D8E04F341D4}.Debug|Any CPU.Build.0 = Debug|Any CPU
		{4070FFFE-E078-7FF9-533E-8D8E04F341D4}.Release|Any CPU.ActiveCfg = Release|Any CPU
		{4070FFFE-E078-7FF9-533E-8D8E04F341D4}.Release|Any CPU.Build.0 = Release|Any CPU
		{6E869E9F-475A-BB91-945D-59ABF1C465DE}.Debug|Any CPU.ActiveCfg = Debug|Any CPU
		{6E869E9F-475A-BB91-945D-59ABF1C465DE}.Debug|Any CPU.Build.0 = Debug|Any CPU
		{6E869E9F-475A-BB91-945D-59ABF1C465DE}.Release|Any CPU.ActiveCfg = Release|Any CPU
		{6E869E9F-475A-BB91-945D-59ABF1C465DE}.Release|Any CPU.Build.0 = Release|Any CPU
		{96DF82ED-089B-CAA1-ACFE-99C3307CCC73}.Debug|Any CPU.ActiveCfg = Debug|Any CPU
		{96DF82ED-089B-CAA1-ACFE-99C3307CCC73}.Debug|Any CPU.Build.0 = Debug|Any CPU
		{96DF82ED-089B-CAA1-ACFE-99C3307CCC73}.Release|Any CPU.ActiveCfg = Release|Any CPU
		{96DF82ED-089B-CAA1-ACFE-99C3307CCC73}.Release|Any CPU.Build.0 = Release|Any CPU
		{3D9F9B56-5C71-8765-AE66-2C49281E6264}.Debug|Any CPU.ActiveCfg = Debug|Any CPU
		{3D9F9B56-5C71-8765-AE66-2C49281E6264}.Debug|Any CPU.Build.0 = Debug|Any CPU
		{3D9F9B56-5C71-8765-AE66-2C49281E6264}.Release|Any CPU.ActiveCfg = Release|Any CPU
		{3D9F9B56-5C71-8765-AE66-2C49281E6264}.Release|Any CPU.Build.0 = Release|Any CPU
		{18A64E1E-3590-7637-A5F3-3891CA1CE60F}.Debug|Any CPU.ActiveCfg = Debug|Any CPU
		{18A64E1E-3590-7637-A5F3-3891CA1CE60F}.Debug|Any CPU.Build.0 = Debug|Any CPU
		{18A64E1E-3590-7637-A5F3-3891CA1CE60F}.Release|Any CPU.ActiveCfg = Release|Any CPU
		{18A64E1E-3590-7637-A5F3-3891CA1CE60F}.Release|Any CPU.Build.0 = Release|Any CPU
		{BC7401DD-EE5E-4305-DD8B-0A87C4C60D51}.Debug|Any CPU.ActiveCfg = Debug|Any CPU
		{BC7401DD-EE5E-4305-DD8B-0A87C4C60D51}.Debug|Any CPU.Build.0 = Debug|Any CPU
		{BC7401DD-EE5E-4305-DD8B-0A87C4C60D51}.Release|Any CPU.ActiveCfg = Release|Any CPU
		{BC7401DD-EE5E-4305-DD8B-0A87C4C60D51}.Release|Any CPU.Build.0 = Release|Any CPU
		{E8E8F85D-3E69-4118-C8AB-0EC6C3D7F84B}.Debug|Any CPU.ActiveCfg = Debug|Any CPU
		{E8E8F85D-3E69-4118-C8AB-0EC6C3D7F84B}.Debug|Any CPU.Build.0 = Debug|Any CPU
		{E8E8F85D-3E69-4118-C8AB-0EC6C3D7F84B}.Release|Any CPU.ActiveCfg = Release|Any CPU
		{E8E8F85D-3E69-4118-C8AB-0EC6C3D7F84B}.Release|Any CPU.Build.0 = Release|Any CPU
		{A8808B9D-9043-2433-C8BD-0FBA79FDCF70}.Debug|Any CPU.ActiveCfg = Debug|Any CPU
		{A8808B9D-9043-2433-C8BD-0FBA79FDCF70}.Debug|Any CPU.Build.0 = Debug|Any CPU
		{A8808B9D-9043-2433-C8BD-0FBA79FDCF70}.Release|Any CPU.ActiveCfg = Release|Any CPU
		{A8808B9D-9043-2433-C8BD-0FBA79FDCF70}.Release|Any CPU.Build.0 = Release|Any CPU
		{FF8AA0C6-97E8-4A3F-AF04-F5F1C68997C5}.Debug|Any CPU.ActiveCfg = Debug|Any CPU
		{FF8AA0C6-97E8-4A3F-AF04-F5F1C68997C5}.Debug|Any CPU.Build.0 = Debug|Any CPU
		{FF8AA0C6-97E8-4A3F-AF04-F5F1C68997C5}.Release|Any CPU.ActiveCfg = Release|Any CPU
		{FF8AA0C6-97E8-4A3F-AF04-F5F1C68997C5}.Release|Any CPU.Build.0 = Release|Any CPU
		{F75B1913-88CA-62C6-83E5-039FDB3FDC43}.Debug|Any CPU.ActiveCfg = Debug|Any CPU
		{F75B1913-88CA-62C6-83E5-039FDB3FDC43}.Debug|Any CPU.Build.0 = Debug|Any CPU
		{F75B1913-88CA-62C6-83E5-039FDB3FDC43}.Release|Any CPU.ActiveCfg = Release|Any CPU
		{F75B1913-88CA-62C6-83E5-039FDB3FDC43}.Release|Any CPU.Build.0 = Release|Any CPU
		{6D1ADCBF-086B-D724-D400-3E79CB74E86D}.Debug|Any CPU.ActiveCfg = Debug|Any CPU
		{6D1ADCBF-086B-D724-D400-3E79CB74E86D}.Debug|Any CPU.Build.0 = Debug|Any CPU
		{6D1ADCBF-086B-D724-D400-3E79CB74E86D}.Release|Any CPU.ActiveCfg = Release|Any CPU
		{6D1ADCBF-086B-D724-D400-3E79CB74E86D}.Release|Any CPU.Build.0 = Release|Any CPU
		{0BEF4438-D80C-6149-2671-C3BCA4BE4313}.Debug|Any CPU.ActiveCfg = Debug|Any CPU
		{0BEF4438-D80C-6149-2671-C3BCA4BE4313}.Debug|Any CPU.Build.0 = Debug|Any CPU
		{0BEF4438-D80C-6149-2671-C3BCA4BE4313}.Release|Any CPU.ActiveCfg = Release|Any CPU
		{0BEF4438-D80C-6149-2671-C3BCA4BE4313}.Release|Any CPU.Build.0 = Release|Any CPU
	EndGlobalSection
	GlobalSection(SolutionProperties) = preSolution
		HideSolutionNode = FALSE
	EndGlobalSection
EndGlobal
